
Microsoft Visual Studio Solution File, Format Version 12.00
# Visual Studio Version 16
VisualStudioVersion = 16.0.30204.135
MinimumVisualStudioVersion = 10.0.40219.1
Project("{FAE04EC0-301F-11D3-BF4B-00C04F79EFBC}") = "baseFramework", "baseFramework\baseFramework.csproj", "{12228EE7-19CD-4527-B3BA-81B3FEB2F54B}"
EndProject
Global
	GlobalSection(SolutionConfigurationPlatforms) = preSolution
		Debug|Any CPU = Debug|Any CPU
		Release|Any CPU = Release|Any CPU
	EndGlobalSection
	GlobalSection(ProjectConfigurationPlatforms) = postSolution
		{12228EE7-19CD-4527-B3BA-81B3FEB2F54B}.Debug|Any CPU.ActiveCfg = Debug|Any CPU
		{12228EE7-19CD-4527-B3BA-81B3FEB2F54B}.Debug|Any CPU.Build.0 = Debug|Any CPU
		{12228EE7-19CD-4527-B3BA-81B3FEB2F54B}.Release|Any CPU.ActiveCfg = Release|Any CPU
		{12228EE7-19CD-4527-B3BA-81B3FEB2F54B}.Release|Any CPU.Build.0 = Release|Any CPU
	EndGlobalSection
	GlobalSection(SolutionProperties) = preSolution
		HideSolutionNode = FALSE
	EndGlobalSection
	GlobalSection(ExtensibilityGlobals) = postSolution
		SolutionGuid = {8B6EA355-A072-450E-93C2-8394B25F2841}
	EndGlobalSection
EndGlobal
